
Microsoft Visual Studio Solution File, Format Version 12.00
# Visual Studio Express 2012 for Windows Desktop
Project("{FAE04EC0-301F-11D3-BF4B-00C04F79EFBC}") = "POC_REST_CSHARP", "POC_REST_CSHARP\POC_REST_CSHARP.csproj", "{2C1A43E0-8E80-485B-8C28-CC835ED1D4DE}"
EndProject
Global
	GlobalSection(SolutionConfigurationPlatforms) = preSolution
		Debug|Any CPU = Debug|Any CPU
		Release|Any CPU = Release|Any CPU
	EndGlobalSection
	GlobalSection(ProjectConfigurationPlatforms) = postSolution
		{2C1A43E0-8E80-485B-8C28-CC835ED1D4DE}.Debug|Any CPU.ActiveCfg = Debug|Any CPU
		{2C1A43E0-8E80-485B-8C28-CC835ED1D4DE}.Debug|Any CPU.Build.0 = Debug|Any CPU
		{2C1A43E0-8E80-485B-8C28-CC835ED1D4DE}.Release|Any CPU.ActiveCfg = Release|Any CPU
		{2C1A43E0-8E80-485B-8C28-CC835ED1D4DE}.Release|Any CPU.Build.0 = Release|Any CPU
	EndGlobalSection
	GlobalSection(SolutionProperties) = preSolution
		HideSolutionNode = FALSE
	EndGlobalSection
EndGlobal
